
Microsoft Visual Studio Solution File, Format Version 12.00
# Visual Studio Version 17
VisualStudioVersion = 17.4.33213.308
MinimumVisualStudioVersion = 10.0.40219.1
Project("{FAE04EC0-301F-11D3-BF4B-00C04F79EFBC}") = "Week8EpicGame", "Week8EpicGame\Week8EpicGame.csproj", "{7AADF1CF-E4F6-4A1F-B20E-CDE3D3A8ACD7}"
EndProject
Global
	GlobalSection(SolutionConfigurationPlatforms) = preSolution
		Debug|Any CPU = Debug|Any CPU
		Release|Any CPU = Release|Any CPU
	EndGlobalSection
	GlobalSection(ProjectConfigurationPlatforms) = postSolution
		{7AADF1CF-E4F6-4A1F-B20E-CDE3D3A8ACD7}.Debug|Any CPU.ActiveCfg = Debug|Any CPU
		{7AADF1CF-E4F6-4A1F-B20E-CDE3D3A8ACD7}.Debug|Any CPU.Build.0 = Debug|Any CPU
		{7AADF1CF-E4F6-4A1F-B20E-CDE3D3A8ACD7}.Release|Any CPU.ActiveCfg = Release|Any CPU
		{7AADF1CF-E4F6-4A1F-B20E-CDE3D3A8ACD7}.Release|Any CPU.Build.0 = Release|Any CPU
	EndGlobalSection
	GlobalSection(SolutionProperties) = preSolution
		HideSolutionNode = FALSE
	EndGlobalSection
	GlobalSection(ExtensibilityGlobals) = postSolution
		SolutionGuid = {DFEF7549-E90F-4F51-953D-0E5A5C5558F8}
	EndGlobalSection
EndGlobal
